// !$*UTF8*$!
{
	archiveVersion = 1;
	classes = {
	};
	objectVersion = 48;
	objects = {

/* Begin PBXBuildFile section */
		5313FF081FD84CAA00FBB575 /* AppDelegate.swift in Sources */ = {isa = PBXBuildFile; fileRef = 5313FF071FD84CAA00FBB575 /* AppDelegate.swift */; };
		5313FF0A1FD84CAA00FBB575 /* ViewController.swift in Sources */ = {isa = PBXBuildFile; fileRef = 5313FF091FD84CAA00FBB575 /* ViewController.swift */; };
		5313FF0F1FD84CAA00FBB575 /* Assets.xcassets in Resources */ = {isa = PBXBuildFile; fileRef = 5313FF0E1FD84CAA00FBB575 /* Assets.xcassets */; };
		5313FF1D1FD84CAA00FBB575 /* POCTestTests.swift in Sources */ = {isa = PBXBuildFile; fileRef = 5313FF1C1FD84CAA00FBB575 /* POCTestTests.swift */; };
		5313FF281FD84CAA00FBB575 /* POCTestUITests.swift in Sources */ = {isa = PBXBuildFile; fileRef = 5313FF271FD84CAA00FBB575 /* POCTestUITests.swift */; };
/* End PBXBuildFile section */

/* Begin PBXContainerItemProxy section */
		5313FF191FD84CAA00FBB575 /* PBXContainerItemProxy */ = {
			isa = PBXContainerItemProxy;
			containerPortal = 5313FEFC1FD84CA900FBB575 /* Project object */;
			proxyType = 1;
			remoteGlobalIDString = 5313FF031FD84CAA00FBB575;
			remoteInfo = POCTest;
		};
		5313FF241FD84CAA00FBB575 /* PBXContainerItemProxy */ = {
			isa = PBXContainerItemProxy;
			containerPortal = 5313FEFC1FD84CA900FBB575 /* Project object */;
			proxyType = 1;
			remoteGlobalIDString = 5313FF031FD84CAA00FBB575;
			remoteInfo = POCTest;
		};
/* End PBXContainerItemProxy section */

/* Begin PBXFileReference section */
		5313FF041FD84CAA00FBB575 /* POCTest.app */ = {isa = PBXFileReference; explicitFileType = wrapper.application; includeInIndex = 0; path = POCTest.app; sourceTree = BUILT_PRODUCTS_DIR; };
		5313FF071FD84CAA00FBB575 /* AppDelegate.swift */ = {isa = PBXFileReference; lastKnownFileType = sourcecode.swift; path = AppDelegate.swift; sourceTree = "<group>"; };
		5313FF091FD84CAA00FBB575 /* ViewController.swift */ = {isa = PBXFileReference; lastKnownFileType = sourcecode.swift; path = ViewController.swift; sourceTree = "<group>"; };
		5313FF0E1FD84CAA00FBB575 /* Assets.xcassets */ = {isa = PBXFileReference; lastKnownFileType = folder.assetcatalog; path = Assets.xcassets; sourceTree = "<group>"; };
		5313FF131FD84CAA00FBB575 /* Info.plist */ = {isa = PBXFileReference; lastKnownFileType = text.plist.xml; path = Info.plist; sourceTree = "<group>"; };
		5313FF181FD84CAA00FBB575 /* POCTestTests.xctest */ = {isa = PBXFileReference; explicitFileType = wrapper.cfbundle; includeInIndex = 0; path = POCTestTests.xctest; sourceTree = BUILT_PRODUCTS_DIR; };
		5313FF1C1FD84CAA00FBB575 /* POCTestTests.swift */ = {isa = PBXFileReference; lastKnownFileType = sourcecode.swift; path = POCTestTests.swift; sourceTree = "<group>"; };
		5313FF1E1FD84CAA00FBB575 /* Info.plist */ = {isa = PBXFileReference; lastKnownFileType = text.plist.xml; path = Info.plist; sourceTree = "<group>"; };
		5313FF231FD84CAA00FBB575 /* POCTestUITests.xctest */ = {isa = PBXFileReference; explicitFileType = wrapper.cfbundle; includeInIndex = 0; path = POCTestUITests.xctest; sourceTree = BUILT_PRODUCTS_DIR; };
		5313FF271FD84CAA00FBB575 /* POCTestUITests.swift */ = {isa = PBXFileReference; lastKnownFileType = sourcecode.swift; path = POCTestUITests.swift; sourceTree = "<group>"; };
		5313FF291FD84CAA00FBB575 /* Info.plist */ = {isa = PBXFileReference; lastKnownFileType = text.plist.xml; path = Info.plist; sourceTree = "<group>"; };
/* End PBXFileReference section */

/* Begin PBXFrameworksBuildPhase section */
		5313FF011FD84CAA00FBB575 /* Frameworks */ = {
			isa = PBXFrameworksBuildPhase;
			buildActionMask = 2147483647;
			files = (
			);
			runOnlyForDeploymentPostprocessing = 0;
		};
		5313FF151FD84CAA00FBB575 /* Frameworks */ = {
			isa = PBXFrameworksBuildPhase;
			buildActionMask = 2147483647;
			files = (
			);
			runOnlyForDeploymentPostprocessing = 0;
		};
		5313FF201FD84CAA00FBB575 /* Frameworks */ = {
			isa = PBXFrameworksBuildPhase;
			buildActionMask = 2147483647;
			files = (
			);
			runOnlyForDeploymentPostprocessing = 0;
		};
/* End PBXFrameworksBuildPhase section */

/* Begin PBXGroup section */
		5313FEFB1FD84CA900FBB575 = {
			isa = PBXGroup;
			children = (
				5313FF061FD84CAA00FBB575 /* POCTest */,
				5313FF1B1FD84CAA00FBB575 /* POCTestTests */,
				5313FF261FD84CAA00FBB575 /* POCTestUITests */,
				5313FF051FD84CAA00FBB575 /* Products */,
			);
			sourceTree = "<group>";
		};
		5313FF051FD84CAA00FBB575 /* Products */ = {
			isa = PBXGroup;
			children = (
				5313FF041FD84CAA00FBB575 /* POCTest.app */,
				5313FF181FD84CAA00FBB575 /* POCTestTests.xctest */,
				5313FF231FD84CAA00FBB575 /* POCTestUITests.xctest */,
			);
			name = Products;
			sourceTree = "<group>";
		};
		5313FF061FD84CAA00FBB575 /* POCTest */ = {
			isa = PBXGroup;
			children = (
				5313FF071FD84CAA00FBB575 /* AppDelegate.swift */,
				5313FF091FD84CAA00FBB575 /* ViewController.swift */,
				5313FF0E1FD84CAA00FBB575 /* Assets.xcassets */,
				5313FF131FD84CAA00FBB575 /* Info.plist */,
			);
			path = POCTest;
			sourceTree = "<group>";
		};
		5313FF1B1FD84CAA00FBB575 /* POCTestTests */ = {
			isa = PBXGroup;
			children = (
				5313FF1C1FD84CAA00FBB575 /* POCTestTests.swift */,
				5313FF1E1FD84CAA00FBB575 /* Info.plist */,
			);
			path = POCTestTests;
			sourceTree = "<group>";
		};
		5313FF261FD84CAA00FBB575 /* POCTestUITests */ = {
			isa = PBXGroup;
			children = (
				5313FF271FD84CAA00FBB575 /* POCTestUITests.swift */,
				5313FF291FD84CAA00FBB575 /* Info.plist */,
			);
			path = POCTestUITests;
			sourceTree = "<group>";
		};
/* End PBXGroup section */

/* Begin PBXNativeTarget section */
		5313FF031FD84CAA00FBB575 /* POCTest */ = {
			isa = PBXNativeTarget;
			buildConfigurationList = 5313FF2C1FD84CAA00FBB575 /* Build configuration list for PBXNativeTarget "POCTest" */;
			buildPhases = (
				5313FF001FD84CAA00FBB575 /* Sources */,
				5313FF011FD84CAA00FBB575 /* Frameworks */,
				5313FF021FD84CAA00FBB575 /* Resources */,
			);
			buildRules = (
			);
			dependencies = (
			);
			name = POCTest;
			productName = POCTest;
			productReference = 5313FF041FD84CAA00FBB575 /* POCTest.app */;
			productType = "com.apple.product-type.application";
		};
		5313FF171FD84CAA00FBB575 /* POCTestTests */ = {
			isa = PBXNativeTarget;
			buildConfigurationList = 5313FF2F1FD84CAA00FBB575 /* Build configuration list for PBXNativeTarget "POCTestTests" */;
			buildPhases = (
				5313FF141FD84CAA00FBB575 /* Sources */,
				5313FF151FD84CAA00FBB575 /* Frameworks */,
				5313FF161FD84CAA00FBB575 /* Resources */,
			);
			buildRules = (
			);
			dependencies = (
				5313FF1A1FD84CAA00FBB575 /* PBXTargetDependency */,
			);
			name = POCTestTests;
			productName = POCTestTests;
			productReference = 5313FF181FD84CAA00FBB575 /* POCTestTests.xctest */;
			productType = "com.apple.product-type.bundle.unit-test";
		};
		5313FF221FD84CAA00FBB575 /* POCTestUITests */ = {
			isa = PBXNativeTarget;
			buildConfigurationList = 5313FF321FD84CAA00FBB575 /* Build configuration list for PBXNativeTarget "POCTestUITests" */;
			buildPhases = (
				5313FF1F1FD84CAA00FBB575 /* Sources */,
				5313FF201FD84CAA00FBB575 /* Frameworks */,
				5313FF211FD84CAA00FBB575 /* Resources */,
			);
			buildRules = (
			);
			dependencies = (
				5313FF251FD84CAA00FBB575 /* PBXTargetDependency */,
			);
			name = POCTestUITests;
			productName = POCTestUITests;
			productReference = 5313FF231FD84CAA00FBB575 /* POCTestUITests.xctest */;
			productType = "com.apple.product-type.bundle.ui-testing";
		};
/* End PBXNativeTarget section */

/* Begin PBXProject section */
		5313FEFC1FD84CA900FBB575 /* Project object */ = {
			isa = PBXProject;
			attributes = {
				LastSwiftUpdateCheck = 0910;
				LastUpgradeCheck = 0910;
				ORGANIZATIONNAME = "Ranjan Mallick";
				TargetAttributes = {
					5313FF031FD84CAA00FBB575 = {
						CreatedOnToolsVersion = 9.1;
						ProvisioningStyle = Automatic;
					};
					5313FF171FD84CAA00FBB575 = {
						CreatedOnToolsVersion = 9.1;
						ProvisioningStyle = Automatic;
						TestTargetID = 5313FF031FD84CAA00FBB575;
					};
					5313FF221FD84CAA00FBB575 = {
						CreatedOnToolsVersion = 9.1;
						ProvisioningStyle = Automatic;
						TestTargetID = 5313FF031FD84CAA00FBB575;
					};
				};
			};
			buildConfigurationList = 5313FEFF1FD84CA900FBB575 /* Build configuration list for PBXProject "POCTest" */;
			compatibilityVersion = "Xcode 8.0";
			developmentRegion = en;
			hasScannedForEncodings = 0;
			knownRegions = (
				en,
				Base,
			);
			mainGroup = 5313FEFB1FD84CA900FBB575;
			productRefGroup = 5313FF051FD84CAA00FBB575 /* Products */;
			projectDirPath = "";
			projectRoot = "";
			targets = (
				5313FF031FD84CAA00FBB575 /* POCTest */,
				5313FF171FD84CAA00FBB575 /* POCTestTests */,
				5313FF221FD84CAA00FBB575 /* POCTestUITests */,
			);
		};
/* End PBXProject section */

/* Begin PBXResourcesBuildPhase section */
		5313FF021FD84CAA00FBB575 /* Resources */ = {
			isa = PBXResourcesBuildPhase;
			buildActionMask = 2147483647;
			files = (
				5313FF0F1FD84CAA00FBB575 /* Assets.xcassets in Resources */,
			);
			runOnlyForDeploymentPostprocessing = 0;
		};
		5313FF161FD84CAA00FBB575 /* Resources */ = {
			isa = PBXResourcesBuildPhase;
			buildActionMask = 2147483647;
			files = (
			);
			runOnlyForDeploymentPostprocessing = 0;
		};
		5313FF211FD84CAA00FBB575 /* Resources */ = {
			isa = PBXResourcesBuildPhase;
			buildActionMask = 2147483647;
			files = (
			);
			runOnlyForDeploymentPostprocessing = 0;
		};
/* End PBXResourcesBuildPhase section */

/* Begin PBXSourcesBuildPhase section */
		5313FF001FD84CAA00FBB575 /* Sources */ = {
			isa = PBXSourcesBuildPhase;
			buildActionMask = 2147483647;
			files = (
				5313FF0A1FD84CAA00FBB575 /* ViewController.swift in Sources */,
				5313FF081FD84CAA00FBB575 /* AppDelegate.swift in Sources */,
			);
			runOnlyForDeploymentPostprocessing = 0;
		};
		5313FF141FD84CAA00FBB575 /* Sources */ = {
			isa = PBXSourcesBuildPhase;
			buildActionMask = 2147483647;
			files = (
				5313FF1D1FD84CAA00FBB575 /* POCTestTests.swift in Sources */,
			);
			runOnlyForDeploymentPostprocessing = 0;
		};
		5313FF1F1FD84CAA00FBB575 /* Sources */ = {
			isa = PBXSourcesBuildPhase;
			buildActionMask = 2147483647;
			files = (
				5313FF281FD84CAA00FBB575 /* POCTestUITests.swift in Sources */,
			);
			runOnlyForDeploymentPostprocessing = 0;
		};
/* End PBXSourcesBuildPhase section */

/* Begin PBXTargetDependency section */
		5313FF1A1FD84CAA00FBB575 /* PBXTargetDependency */ = {
			isa = PBXTargetDependency;
			target = 5313FF031FD84CAA00FBB575 /* POCTest */;
			targetProxy = 5313FF191FD84CAA00FBB575 /* PBXContainerItemProxy */;
		};
		5313FF251FD84CAA00FBB575 /* PBXTargetDependency */ = {
			isa = PBXTargetDependency;
			target = 5313FF031FD84CAA00FBB575 /* POCTest */;
			targetProxy = 5313FF241FD84CAA00FBB575 /* PBXContainerItemProxy */;
		};
/* End PBXTargetDependency section */

/* Begin XCBuildConfiguration section */
		5313FF2A1FD84CAA00FBB575 /* Debug */ = {
			isa = XCBuildConfiguration;
			buildSettings = {
				ALWAYS_SEARCH_USER_PATHS = NO;
				CLANG_ANALYZER_NONNULL = YES;
				CLANG_ANALYZER_NUMBER_OBJECT_CONVERSION = YES_AGGRESSIVE;
				CLANG_CXX_LANGUAGE_STANDARD = "gnu++14";
				CLANG_CXX_LIBRARY = "libc++";
				CLANG_ENABLE_MODULES = YES;
				CLANG_ENABLE_OBJC_ARC = YES;
				CLANG_WARN_BLOCK_CAPTURE_AUTORELEASING = YES;
				CLANG_WARN_BOOL_CONVERSION = YES;
				CLANG_WARN_COMMA = YES;
				CLANG_WARN_CONSTANT_CONVERSION = YES;
				CLANG_WARN_DIRECT_OBJC_ISA_USAGE = YES_ERROR;
				CLANG_WARN_DOCUMENTATION_COMMENTS = YES;
				CLANG_WARN_EMPTY_BODY = YES;
				CLANG_WARN_ENUM_CONVERSION = YES;
				CLANG_WARN_INFINITE_RECURSION = YES;
				CLANG_WARN_INT_CONVERSION = YES;
				CLANG_WARN_NON_LITERAL_NULL_CONVERSION = YES;
				CLANG_WARN_OBJC_LITERAL_CONVERSION = YES;
				CLANG_WARN_OBJC_ROOT_CLASS = YES_ERROR;
				CLANG_WARN_RANGE_LOOP_ANALYSIS = YES;
				CLANG_WARN_STRICT_PROTOTYPES = YES;
				CLANG_WARN_SUSPICIOUS_MOVE = YES;
				CLANG_WARN_UNGUARDED_AVAILABILITY = YES_AGGRESSIVE;
				CLANG_WARN_UNREACHABLE_CODE = YES;
				CLANG_WARN__DUPLICATE_METHOD_MATCH = YES;
				CODE_SIGN_IDENTITY = "iPhone Developer";
				COPY_PHASE_STRIP = NO;
				DEBUG_INFORMATION_FORMAT = dwarf;
				ENABLE_STRICT_OBJC_MSGSEND = YES;
				ENABLE_TESTABILITY = YES;
				GCC_C_LANGUAGE_STANDARD = gnu11;
				GCC_DYNAMIC_NO_PIC = NO;
				GCC_NO_COMMON_BLOCKS = YES;
				GCC_OPTIMIZATION_LEVEL = 0;
				GCC_PREPROCESSOR_DEFINITIONS = (
					"DEBUG=1",
					"$(inherited)",
				);
				GCC_WARN_64_TO_32_BIT_CONVERSION = YES;
				GCC_WARN_ABOUT_RETURN_TYPE = YES_ERROR;
				GCC_WARN_UNDECLARED_SELECTOR = YES;
				GCC_WARN_UNINITIALIZED_AUTOS = YES_AGGRESSIVE;
				GCC_WARN_UNUSED_FUNCTION = YES;
				GCC_WARN_UNUSED_VARIABLE = YES;
				IPHONEOS_DEPLOYMENT_TARGET = 11.1;
				MTL_ENABLE_DEBUG_INFO = YES;
				ONLY_ACTIVE_ARCH = YES;
				SDKROOT = iphoneos;
				SWIFT_ACTIVE_COMPILATION_CONDITIONS = DEBUG;
				SWIFT_OPTIMIZATION_LEVEL = "-Onone";
			};
			name = Debug;
		};
		5313FF2B1FD84CAA00FBB575 /* Release */ = {
			isa = XCBuildConfiguration;
			buildSettings = {
				ALWAYS_SEARCH_USER_PATHS = NO;
				CLANG_ANALYZER_NONNULL = YES;
				CLANG_ANALYZER_NUMBER_OBJECT_CONVERSION = YES_AGGRESSIVE;
				CLANG_CXX_LANGUAGE_STANDARD = "gnu++14";
				CLANG_CXX_LIBRARY = "libc++";
				CLANG_ENABLE_MODULES = YES;
				CLANG_ENABLE_OBJC_ARC = YES;
				CLANG_WARN_BLOCK_CAPTURE_AUTORELEASING = YES;
				CLANG_WARN_BOOL_CONVERSION = YES;
				CLANG_WARN_COMMA = YES;
				CLANG_WARN_CONSTANT_CONVERSION = YES;
				CLANG_WARN_DIRECT_OBJC_ISA_USAGE = YES_ERROR;
				CLANG_WARN_DOCUMENTATION_COMMENTS = YES;
				CLANG_WARN_EMPTY_BODY = YES;
				CLANG_WARN_ENUM_CONVERSION = YES;
				CLANG_WARN_INFINITE_RECURSION = YES;
				CLANG_WARN_INT_CONVERSION = YES;
				CLANG_WARN_NON_LITERAL_NULL_CONVERSION = YES;
				CLANG_WARN_OBJC_LITERAL_CONVERSION = YES;
				CLANG_WARN_OBJC_ROOT_CLASS = YES_ERROR;
				CLANG_WARN_RANGE_LOOP_ANALYSIS = YES;
				CLANG_WARN_STRICT_PROTOTYPES = YES;
				CLANG_WARN_SUSPICIOUS_MOVE = YES;
				CLANG_WARN_UNGUARDED_AVAILABILITY = YES_AGGRESSIVE;
				CLANG_WARN_UNREACHABLE_CODE = YES;
				CLANG_WARN__DUPLICATE_METHOD_MATCH = YES;
				CODE_SIGN_IDENTITY = "iPhone Developer";
				COPY_PHASE_STRIP = NO;
				DEBUG_INFORMATION_FORMAT = "dwarf-with-dsym";
				ENABLE_NS_ASSERTIONS = NO;
				ENABLE_STRICT_OBJC_MSGSEND = YES;
				GCC_C_LANGUAGE_STANDARD = gnu11;
				GCC_NO_COMMON_BLOCKS = YES;
				GCC_WARN_64_TO_32_BIT_CONVERSION = YES;
				GCC_WARN_ABOUT_RETURN_TYPE = YES_ERROR;
				GCC_WARN_UNDECLARED_SELECTOR = YES;
				GCC_WARN_UNINITIALIZED_AUTOS = YES_AGGRESSIVE;
				GCC_WARN_UNUSED_FUNCTION = YES;
				GCC_WARN_UNUSED_VARIABLE = YES;
				IPHONEOS_DEPLOYMENT_TARGET = 11.1;
				MTL_ENABLE_DEBUG_INFO = NO;
				SDKROOT = iphoneos;
				SWIFT_OPTIMIZATION_LEVEL = "-Owholemodule";
				VALIDATE_PRODUCT = YES;
			};
			name = Release;
		};
		5313FF2D1FD84CAA00FBB575 /* Debug */ = {
			isa = XCBuildConfiguration;
			buildSettings = {
				ASSETCATALOG_COMPILER_APPICON_NAME = AppIcon;
				CODE_SIGN_STYLE = Automatic;
				DEVELOPMENT_TEAM = 57XYAW8EHH;
				INFOPLIST_FILE = POCTest/Info.plist;
				LD_RUNPATH_SEARCH_PATHS = "$(inherited) @executable_path/Frameworks";
				PRODUCT_BUNDLE_IDENTIFIER = Ranjan.POCTest;
				PRODUCT_NAME = "$(TARGET_NAME)";
				SWIFT_VERSION = 4.0;
				TARGETED_DEVICE_FAMILY = "1,2";
			};
			name = Debug;
		};
		5313FF2E1FD84CAA00FBB575 /* Release */ = {
			isa = XCBuildConfiguration;
			buildSettings = {
				ASSETCATALOG_COMPILER_APPICON_NAME = AppIcon;
				CODE_SIGN_STYLE = Automatic;
				DEVELOPMENT_TEAM = 57XYAW8EHH;
				INFOPLIST_FILE = POCTest/Info.plist;
				LD_RUNPATH_SEARCH_PATHS = "$(inherited) @executable_path/Frameworks";
				PRODUCT_BUNDLE_IDENTIFIER = Ranjan.POCTest;
				PRODUCT_NAME = "$(TARGET_NAME)";
				SWIFT_VERSION = 4.0;
				TARGETED_DEVICE_FAMILY = "1,2";
			};
			name = Release;
		};
		5313FF301FD84CAA00FBB575 /* Debug */ = {
			isa = XCBuildConfiguration;
			buildSettings = {
				ALWAYS_EMBED_SWIFT_STANDARD_LIBRARIES = YES;
				BUNDLE_LOADER = "$(TEST_HOST)";
				CODE_SIGN_STYLE = Automatic;
				DEVELOPMENT_TEAM = 57XYAW8EHH;
				INFOPLIST_FILE = POCTestTests/Info.plist;
				LD_RUNPATH_SEARCH_PATHS = "$(inherited) @executable_path/Frameworks @loader_path/Frameworks";
				PRODUCT_BUNDLE_IDENTIFIER = Ranjan.POCTestTests;
				PRODUCT_NAME = "$(TARGET_NAME)";
				SWIFT_VERSION = 4.0;
				TARGETED_DEVICE_FAMILY = "1,2";
				TEST_HOST = "$(BUILT_PRODUCTS_DIR)/POCTest.app/POCTest";
			};
			name = Debug;
		};
		5313FF311FD84CAA00FBB575 /* Release */ = {
			isa = XCBuildConfiguration;
			buildSettings = {
				ALWAYS_EMBED_SWIFT_STANDARD_LIBRARIES = YES;
				BUNDLE_LOADER = "$(TEST_HOST)";
				CODE_SIGN_STYLE = Automatic;
				DEVELOPMENT_TEAM = 57XYAW8EHH;
				INFOPLIST_FILE = POCTestTests/Info.plist;
				LD_RUNPATH_SEARCH_PATHS = "$(inherited) @executable_path/Frameworks @loader_path/Frameworks";
				PRODUCT_BUNDLE_IDENTIFIER = Ranjan.POCTestTests;
				PRODUCT_NAME = "$(TARGET_NAME)";
				SWIFT_VERSION = 4.0;
				TARGETED_DEVICE_FAMILY = "1,2";
				TEST_HOST = "$(BUILT_PRODUCTS_DIR)/POCTest.app/POCTest";
			};
			name = Release;
		};
		5313FF331FD84CAA00FBB575 /* Debug */ = {
			isa = XCBuildConfiguration;
			buildSettings = {
				ALWAYS_EMBED_SWIFT_STANDARD_LIBRARIES = YES;
				CODE_SIGN_STYLE = Automatic;
				DEVELOPMENT_TEAM = 57XYAW8EHH;
				INFOPLIST_FILE = POCTestUITests/Info.plist;
				LD_RUNPATH_SEARCH_PATHS = "$(inherited) @executable_path/Frameworks @loader_path/Frameworks";
				PRODUCT_BUNDLE_IDENTIFIER = Ranjan.POCTestUITests;
				PRODUCT_NAME = "$(TARGET_NAME)";
				SWIFT_VERSION = 4.0;
				TARGETED_DEVICE_FAMILY = "1,2";
				TEST_TARGET_NAME = POCTest;
			};
			name = Debug;
		};
		5313FF341FD84CAA00FBB575 /* Release */ = {
			isa = XCBuildConfiguration;
			buildSettings = {
				ALWAYS_EMBED_SWIFT_STANDARD_LIBRARIES = YES;
				CODE_SIGN_STYLE = Automatic;
				DEVELOPMENT_TEAM = 57XYAW8EHH;
				INFOPLIST_FILE = POCTestUITests/Info.plist;
				LD_RUNPATH_SEARCH_PATHS = "$(inherited) @executable_path/Frameworks @loader_path/Frameworks";
				PRODUCT_BUNDLE_IDENTIFIER = Ranjan.POCTestUITests;
				PRODUCT_NAME = "$(TARGET_NAME)";
				SWIFT_VERSION = 4.0;
				TARGETED_DEVICE_FAMILY = "1,2";
				TEST_TARGET_NAME = POCTest;
			};
			name = Release;
		};
/* End XCBuildConfiguration section */

/* Begin XCConfigurationList section */
		5313FEFF1FD84CA900FBB575 /* Build configuration list for PBXProject "POCTest" */ = {
			isa = XCConfigurationList;
			buildConfigurations = (
				5313FF2A1FD84CAA00FBB575 /* Debug */,
				5313FF2B1FD84CAA00FBB575 /* Release */,
			);
			defaultConfigurationIsVisible = 0;
			defaultConfigurationName = Release;
		};
		5313FF2C1FD84CAA00FBB575 /* Build configuration list for PBXNativeTarget "POCTest" */ = {
			isa = XCConfigurationList;
			buildConfigurations = (
				5313FF2D1FD84CAA00FBB575 /* Debug */,
				5313FF2E1FD84CAA00FBB575 /* Release */,
			);
			defaultConfigurationIsVisible = 0;
			defaultConfigurationName = Release;
		};
		5313FF2F1FD84CAA00FBB575 /* Build configuration list for PBXNativeTarget "POCTestTests" */ = {
			isa = XCConfigurationList;
			buildConfigurations = (
				5313FF301FD84CAA00FBB575 /* Debug */,
				5313FF311FD84CAA00FBB575 /* Release */,
			);
			defaultConfigurationIsVisible = 0;
			defaultConfigurationName = Release;
		};
		5313FF321FD84CAA00FBB575 /* Build configuration list for PBXNativeTarget "POCTestUITests" */ = {
			isa = XCConfigurationList;
			buildConfigurations = (
				5313FF331FD84CAA00FBB575 /* Debug */,
				5313FF341FD84CAA00FBB575 /* Release */,
			);
			defaultConfigurationIsVisible = 0;
			defaultConfigurationName = Release;
		};
/* End XCConfigurationList section */
	};
	rootObject = 5313FEFC1FD84CA900FBB575 /* Project object */;
}
